
Microsoft Visual Studio Solution File, Format Version 12.00
# Visual Studio Version 16
VisualStudioVersion = 16.0.31019.35
MinimumVisualStudioVersion = 10.0.40219.1
Project("{2150E333-8FDC-42A3-9474-1A3956D46DE8}") = "homework 1", "homework 1", "{8FFD5D5C-21CE-49DE-B18E-D7C8A10266C8}"
EndProject
Project("{2150E333-8FDC-42A3-9474-1A3956D46DE8}") = "homework 2", "homework 2", "{6CD50EC0-02B9-4D88-9E78-D9514E89BCCD}"
EndProject
Project("{2150E333-8FDC-42A3-9474-1A3956D46DE8}") = "homework 3", "homework 3", "{314FD428-2029-4B89-84FB-628444BFC46C}"
EndProject
Project("{2150E333-8FDC-42A3-9474-1A3956D46DE8}") = "homework 4", "homework 4", "{ED45B0B0-975D-4DE1-8CF6-4F552C5169B3}"
EndProject
Project("{FAE04EC0-301F-11D3-BF4B-00C04F79EFBC}") = "PointDistance", "Homework 15FEB21\PointDistance\PointDistance.csproj", "{AC6B6C19-658D-41F4-8282-8E87F6531D8B}"
EndProject
Project("{FAE04EC0-301F-11D3-BF4B-00C04F79EFBC}") = "PrintOut", "Homework 15FEB21\PrintOut\PrintOut.csproj", "{DEEC39DC-94DA-4848-8234-AFCE9B3D1411}"
EndProject
Project("{FAE04EC0-301F-11D3-BF4B-00C04F79EFBC}") = "TheForm", "Homework 15FEB21\TheForm\TheForm.csproj", "{5C166CC6-D183-4290-9859-5BCAC2B5F5FE}"
EndProject
Project("{FAE04EC0-301F-11D3-BF4B-00C04F79EFBC}") = "VarSwap", "Homework 15FEB21\VarSwap\VarSwap.csproj", "{3499A440-913C-4C0F-B456-B2399B1DA992}"
EndProject
Project("{FAE04EC0-301F-11D3-BF4B-00C04F79EFBC}") = "GoodNumbas", "Homework 18FEB21\GoodNumbas\GoodNumbas.csproj", "{8DE1EA9E-4D1A-4677-B7AF-FF0CBE756EBD}"
EndProject
Project("{FAE04EC0-301F-11D3-BF4B-00C04F79EFBC}") = "logPass", "Homework 18FEB21\logPass\logPass.csproj", "{83C4C249-BABD-47B6-9C93-631A30DEBC12}"
EndProject
Project("{FAE04EC0-301F-11D3-BF4B-00C04F79EFBC}") = "MinMax", "Homework 18FEB21\MinMax\MinMax.csproj", "{049DE34F-E616-4AEA-AD50-D06EADB21BA5}"
EndProject
Project("{FAE04EC0-301F-11D3-BF4B-00C04F79EFBC}") = "Until0", "Homework 18FEB21\Until0\Until0.csproj", "{443B16A5-3B12-4282-99AF-67838C98DF78}"
EndProject
Project("{FAE04EC0-301F-11D3-BF4B-00C04F79EFBC}") = "WeightSurvey", "Homework 18FEB21\WeightSurvey\WeightSurvey.csproj", "{31D42988-EF82-4791-9689-69C8673BFEA5}"
EndProject
Project("{FAE04EC0-301F-11D3-BF4B-00C04F79EFBC}") = "ComplexStruct", "Homework 22FEB21\ComplexStruct\ComplexStruct.csproj", "{BFAB1677-7886-4EA2-8119-4B5A546A3ABA}"
EndProject
Project("{FAE04EC0-301F-11D3-BF4B-00C04F79EFBC}") = "FractionsClass", "Homework 22FEB21\FractionsClass\FractionsClass.csproj", "{0096ABCE-AA99-4719-AC0C-9555749EE148}"
EndProject
Project("{FAE04EC0-301F-11D3-BF4B-00C04F79EFBC}") = "Until0Parse", "Homework 22FEB21\Until0Parse\Until0Parse.csproj", "{4F86785C-59B1-4E59-B22B-0EBB45F2E4BF}"
EndProject
Project("{FAE04EC0-301F-11D3-BF4B-00C04F79EFBC}") = "Array1d", "Homework 25FEB21\Array1d\Array1d.csproj", "{A0BF3E13-312F-403F-AD3E-EA94F25C20E6}"
EndProject
Project("{FAE04EC0-301F-11D3-BF4B-00C04F79EFBC}") = "logPass_array", "Homework 25FEB21\logPass_array\logPass_array.csproj", "{6D0114E1-16E7-4AAA-A913-024C55308AC5}"
EndProject
Global
	GlobalSection(SolutionConfigurationPlatforms) = preSolution
		Debug|Any CPU = Debug|Any CPU
		Release|Any CPU = Release|Any CPU
	EndGlobalSection
	GlobalSection(ProjectConfigurationPlatforms) = postSolution
		{AC6B6C19-658D-41F4-8282-8E87F6531D8B}.Debug|Any CPU.ActiveCfg = Debug|Any CPU
		{AC6B6C19-658D-41F4-8282-8E87F6531D8B}.Debug|Any CPU.Build.0 = Debug|Any CPU
		{AC6B6C19-658D-41F4-8282-8E87F6531D8B}.Release|Any CPU.ActiveCfg = Release|Any CPU
		{AC6B6C19-658D-41F4-8282-8E87F6531D8B}.Release|Any CPU.Build.0 = Release|Any CPU
		{DEEC39DC-94DA-4848-8234-AFCE9B3D1411}.Debug|Any CPU.ActiveCfg = Debug|Any CPU
		{DEEC39DC-94DA-4848-8234-AFCE9B3D1411}.Debug|Any CPU.Build.0 = Debug|Any CPU
		{DEEC39DC-94DA-4848-8234-AFCE9B3D1411}.Release|Any CPU.ActiveCfg = Release|Any CPU
		{DEEC39DC-94DA-4848-8234-AFCE9B3D1411}.Release|Any CPU.Build.0 = Release|Any CPU
		{5C166CC6-D183-4290-9859-5BCAC2B5F5FE}.Debug|Any CPU.ActiveCfg = Debug|Any CPU
		{5C166CC6-D183-4290-9859-5BCAC2B5F5FE}.Debug|Any CPU.Build.0 = Debug|Any CPU
		{5C166CC6-D183-4290-9859-5BCAC2B5F5FE}.Release|Any CPU.ActiveCfg = Release|Any CPU
		{5C166CC6-D183-4290-9859-5BCAC2B5F5FE}.Release|Any CPU.Build.0 = Release|Any CPU
		{3499A440-913C-4C0F-B456-B2399B1DA992}.Debug|Any CPU.ActiveCfg = Debug|Any CPU
		{3499A440-913C-4C0F-B456-B2399B1DA992}.Debug|Any CPU.Build.0 = Debug|Any CPU
		{3499A440-913C-4C0F-B456-B2399B1DA992}.Release|Any CPU.ActiveCfg = Release|Any CPU
		{3499A440-913C-4C0F-B456-B2399B1DA992}.Release|Any CPU.Build.0 = Release|Any CPU
		{8DE1EA9E-4D1A-4677-B7AF-FF0CBE756EBD}.Debug|Any CPU.ActiveCfg = Debug|Any CPU
		{8DE1EA9E-4D1A-4677-B7AF-FF0CBE756EBD}.Debug|Any CPU.Build.0 = Debug|Any CPU
		{8DE1EA9E-4D1A-4677-B7AF-FF0CBE756EBD}.Release|Any CPU.ActiveCfg = Release|Any CPU
		{8DE1EA9E-4D1A-4677-B7AF-FF0CBE756EBD}.Release|Any CPU.Build.0 = Release|Any CPU
		{83C4C249-BABD-47B6-9C93-631A30DEBC12}.Debug|Any CPU.ActiveCfg = Debug|Any CPU
		{83C4C249-BABD-47B6-9C93-631A30DEBC12}.Debug|Any CPU.Build.0 = Debug|Any CPU
		{83C4C249-BABD-47B6-9C93-631A30DEBC12}.Release|Any CPU.ActiveCfg = Release|Any CPU
		{83C4C249-BABD-47B6-9C93-631A30DEBC12}.Release|Any CPU.Build.0 = Release|Any CPU
		{049DE34F-E616-4AEA-AD50-D06EADB21BA5}.Debug|Any CPU.ActiveCfg = Debug|Any CPU
		{049DE34F-E616-4AEA-AD50-D06EADB21BA5}.Debug|Any CPU.Build.0 = Debug|Any CPU
		{049DE34F-E616-4AEA-AD50-D06EADB21BA5}.Release|Any CPU.ActiveCfg = Release|Any CPU
		{049DE34F-E616-4AEA-AD50-D06EADB21BA5}.Release|Any CPU.Build.0 = Release|Any CPU
		{443B16A5-3B12-4282-99AF-67838C98DF78}.Debug|Any CPU.ActiveCfg = Debug|Any CPU
		{443B16A5-3B12-4282-99AF-67838C98DF78}.Debug|Any CPU.Build.0 = Debug|Any CPU
		{443B16A5-3B12-4282-99AF-67838C98DF78}.Release|Any CPU.ActiveCfg = Release|Any CPU
		{443B16A5-3B12-4282-99AF-67838C98DF78}.Release|Any CPU.Build.0 = Release|Any CPU
		{31D42988-EF82-4791-9689-69C8673BFEA5}.Debug|Any CPU.ActiveCfg = Debug|Any CPU
		{31D42988-EF82-4791-9689-69C8673BFEA5}.Debug|Any CPU.Build.0 = Debug|Any CPU
		{31D42988-EF82-4791-9689-69C8673BFEA5}.Release|Any CPU.ActiveCfg = Release|Any CPU
		{31D42988-EF82-4791-9689-69C8673BFEA5}.Release|Any CPU.Build.0 = Release|Any CPU
		{BFAB1677-7886-4EA2-8119-4B5A546A3ABA}.Debug|Any CPU.ActiveCfg = Debug|Any CPU
		{BFAB1677-7886-4EA2-8119-4B5A546A3ABA}.Debug|Any CPU.Build.0 = Debug|Any CPU
		{BFAB1677-7886-4EA2-8119-4B5A546A3ABA}.Release|Any CPU.ActiveCfg = Release|Any CPU
		{BFAB1677-7886-4EA2-8119-4B5A546A3ABA}.Release|Any CPU.Build.0 = Release|Any CPU
		{0096ABCE-AA99-4719-AC0C-9555749EE148}.Debug|Any CPU.ActiveCfg = Debug|Any CPU
		{0096ABCE-AA99-4719-AC0C-9555749EE148}.Debug|Any CPU.Build.0 = Debug|Any CPU
		{0096ABCE-AA99-4719-AC0C-9555749EE148}.Release|Any CPU.ActiveCfg = Release|Any CPU
		{0096ABCE-AA99-4719-AC0C-9555749EE148}.Release|Any CPU.Build.0 = Release|Any CPU
		{4F86785C-59B1-4E59-B22B-0EBB45F2E4BF}.Debug|Any CPU.ActiveCfg = Debug|Any CPU
		{4F86785C-59B1-4E59-B22B-0EBB45F2E4BF}.Debug|Any CPU.Build.0 = Debug|Any CPU
		{4F86785C-59B1-4E59-B22B-0EBB45F2E4BF}.Release|Any CPU.ActiveCfg = Release|Any CPU
		{4F86785C-59B1-4E59-B22B-0EBB45F2E4BF}.Release|Any CPU.Build.0 = Release|Any CPU
		{A0BF3E13-312F-403F-AD3E-EA94F25C20E6}.Debug|Any CPU.ActiveCfg = Debug|Any CPU
		{A0BF3E13-312F-403F-AD3E-EA94F25C20E6}.Debug|Any CPU.Build.0 = Debug|Any CPU
		{A0BF3E13-312F-403F-AD3E-EA94F25C20E6}.Release|Any CPU.ActiveCfg = Release|Any CPU
		{A0BF3E13-312F-403F-AD3E-EA94F25C20E6}.Release|Any CPU.Build.0 = Release|Any CPU
		{6D0114E1-16E7-4AAA-A913-024C55308AC5}.Debug|Any CPU.ActiveCfg = Debug|Any CPU
		{6D0114E1-16E7-4AAA-A913-024C55308AC5}.Debug|Any CPU.Build.0 = Debug|Any CPU
		{6D0114E1-16E7-4AAA-A913-024C55308AC5}.Release|Any CPU.ActiveCfg = Release|Any CPU
		{6D0114E1-16E7-4AAA-A913-024C55308AC5}.Release|Any CPU.Build.0 = Release|Any CPU
	EndGlobalSection
	GlobalSection(SolutionProperties) = preSolution
		HideSolutionNode = FALSE
	EndGlobalSection
	GlobalSection(NestedProjects) = preSolution
		{AC6B6C19-658D-41F4-8282-8E87F6531D8B} = {8FFD5D5C-21CE-49DE-B18E-D7C8A10266C8}
		{DEEC39DC-94DA-4848-8234-AFCE9B3D1411} = {8FFD5D5C-21CE-49DE-B18E-D7C8A10266C8}
		{5C166CC6-D183-4290-9859-5BCAC2B5F5FE} = {8FFD5D5C-21CE-49DE-B18E-D7C8A10266C8}
		{3499A440-913C-4C0F-B456-B2399B1DA992} = {8FFD5D5C-21CE-49DE-B18E-D7C8A10266C8}
		{8DE1EA9E-4D1A-4677-B7AF-FF0CBE756EBD} = {6CD50EC0-02B9-4D88-9E78-D9514E89BCCD}
		{83C4C249-BABD-47B6-9C93-631A30DEBC12} = {6CD50EC0-02B9-4D88-9E78-D9514E89BCCD}
		{049DE34F-E616-4AEA-AD50-D06EADB21BA5} = {6CD50EC0-02B9-4D88-9E78-D9514E89BCCD}
		{443B16A5-3B12-4282-99AF-67838C98DF78} = {6CD50EC0-02B9-4D88-9E78-D9514E89BCCD}
		{31D42988-EF82-4791-9689-69C8673BFEA5} = {6CD50EC0-02B9-4D88-9E78-D9514E89BCCD}
		{BFAB1677-7886-4EA2-8119-4B5A546A3ABA} = {314FD428-2029-4B89-84FB-628444BFC46C}
		{0096ABCE-AA99-4719-AC0C-9555749EE148} = {314FD428-2029-4B89-84FB-628444BFC46C}
		{4F86785C-59B1-4E59-B22B-0EBB45F2E4BF} = {314FD428-2029-4B89-84FB-628444BFC46C}
		{A0BF3E13-312F-403F-AD3E-EA94F25C20E6} = {ED45B0B0-975D-4DE1-8CF6-4F552C5169B3}
		{6D0114E1-16E7-4AAA-A913-024C55308AC5} = {ED45B0B0-975D-4DE1-8CF6-4F552C5169B3}
	EndGlobalSection
	GlobalSection(ExtensibilityGlobals) = postSolution
		SolutionGuid = {0949B71F-38D7-4046-BEA1-9C9C12E339C9}
	EndGlobalSection
EndGlobal
